
Microsoft Visual Studio Solution File, Format Version 12.00
# Visual Studio 2013
VisualStudioVersion = 12.0.30723.0
MinimumVisualStudioVersion = 10.0.40219.1
Project("{FAE04EC0-301F-11D3-BF4B-00C04F79EFBC}") = "SmsByPost.WebApp", "SmsByPost.WebApp\SmsByPost.WebApp.csproj", "{0EB298B9-2D1D-446C-9307-BC7BAFEF0F0D}"
EndProject
Project("{FAE04EC0-301F-11D3-BF4B-00C04F79EFBC}") = "SmsByPost.WebApp.Tests", "SmsByPost.WebApp.Tests\SmsByPost.WebApp.Tests.csproj", "{359E5ADE-8EB7-472B-9166-057D82B3FC89}"
EndProject
Global
	GlobalSection(SolutionConfigurationPlatforms) = preSolution
		Debug|Any CPU = Debug|Any CPU
		Release|Any CPU = Release|Any CPU
	EndGlobalSection
	GlobalSection(ProjectConfigurationPlatforms) = postSolution
		{0EB298B9-2D1D-446C-9307-BC7BAFEF0F0D}.Debug|Any CPU.ActiveCfg = Debug|Any CPU
		{0EB298B9-2D1D-446C-9307-BC7BAFEF0F0D}.Debug|Any CPU.Build.0 = Debug|Any CPU
		{0EB298B9-2D1D-446C-9307-BC7BAFEF0F0D}.Release|Any CPU.ActiveCfg = Release|Any CPU
		{0EB298B9-2D1D-446C-9307-BC7BAFEF0F0D}.Release|Any CPU.Build.0 = Release|Any CPU
		{359E5ADE-8EB7-472B-9166-057D82B3FC89}.Debug|Any CPU.ActiveCfg = Debug|Any CPU
		{359E5ADE-8EB7-472B-9166-057D82B3FC89}.Debug|Any CPU.Build.0 = Debug|Any CPU
		{359E5ADE-8EB7-472B-9166-057D82B3FC89}.Release|Any CPU.ActiveCfg = Release|Any CPU
		{359E5ADE-8EB7-472B-9166-057D82B3FC89}.Release|Any CPU.Build.0 = Release|Any CPU
	EndGlobalSection
	GlobalSection(SolutionProperties) = preSolution
		HideSolutionNode = FALSE
	EndGlobalSection
EndGlobal
